
Microsoft Visual Studio Solution File, Format Version 12.00
# Visual Studio Version 17
VisualStudioVersion = 17.10.34607.79
MinimumVisualStudioVersion = 10.0.40219.1
Project("{9A19103F-16F7-4668-BE54-9A1E7A4F7556}") = "ModularRPCs", "ModularRPCs\ModularRPCs.csproj", "{C075BBB6-B324-470C-BECA-BD5636BE3336}"
EndProject
Project("{FAE04EC0-301F-11D3-BF4B-00C04F79EFBC}") = "ModularRPCs.Examples", "ModularRPCs.Examples\ModularRPCs.Examples.csproj", "{EA18392C-D207-4E15-A7CA-F5DC4C257531}"
EndProject
Global
	GlobalSection(SolutionConfigurationPlatforms) = preSolution
		Debug|Any CPU = Debug|Any CPU
		Release|Any CPU = Release|Any CPU
	EndGlobalSection
	GlobalSection(ProjectConfigurationPlatforms) = postSolution
		{C075BBB6-B324-470C-BECA-BD5636BE3336}.Debug|Any CPU.ActiveCfg = Debug|Any CPU
		{C075BBB6-B324-470C-BECA-BD5636BE3336}.Debug|Any CPU.Build.0 = Debug|Any CPU
		{C075BBB6-B324-470C-BECA-BD5636BE3336}.Release|Any CPU.ActiveCfg = Release|Any CPU
		{C075BBB6-B324-470C-BECA-BD5636BE3336}.Release|Any CPU.Build.0 = Release|Any CPU
		{EA18392C-D207-4E15-A7CA-F5DC4C257531}.Debug|Any CPU.ActiveCfg = Debug|Any CPU
		{EA18392C-D207-4E15-A7CA-F5DC4C257531}.Debug|Any CPU.Build.0 = Debug|Any CPU
		{EA18392C-D207-4E15-A7CA-F5DC4C257531}.Release|Any CPU.ActiveCfg = Release|Any CPU
		{EA18392C-D207-4E15-A7CA-F5DC4C257531}.Release|Any CPU.Build.0 = Release|Any CPU
	EndGlobalSection
	GlobalSection(SolutionProperties) = preSolution
		HideSolutionNode = FALSE
	EndGlobalSection
	GlobalSection(ExtensibilityGlobals) = postSolution
		SolutionGuid = {E484AA0D-7DDC-456D-A3BD-B3CBED693DC7}
	EndGlobalSection
EndGlobal
